// !$*UTF8*$!
{
	archiveVersion = 1;
	classes = {
	};
	objectVersion = 46;
	objects = {

/* Begin PBXBuildFile section */
		C9DDF317185FA82800DB6BBA /* ElianLetters.plist in Resources */ = {isa = PBXBuildFile; fileRef = C9DDF316185FA82800DB6BBA /* ElianLetters.plist */; };
		C9DDF31A185FA8C400DB6BBA /* UIView+Positioning.m in Sources */ = {isa = PBXBuildFile; fileRef = C9DDF319185FA8C400DB6BBA /* UIView+Positioning.m */; };
		C9DDF31D185FC5D200DB6BBA /* Game.m in Sources */ = {isa = PBXBuildFile; fileRef = C9DDF31C185FC5D200DB6BBA /* Game.m */; };
		DC30C2F615E034FE00DAF41E /* IconNonRetina.png in Resources */ = {isa = PBXBuildFile; fileRef = DC30C2F515E034FE00DAF41E /* IconNonRetina.png */; };
		DC30C2F915E0350000DAF41E /* Iconretina.png in Resources */ = {isa = PBXBuildFile; fileRef = DC30C2F815E0350000DAF41E /* Iconretina.png */; };
		DC30C31115E0864F00DAF41E /* Button@2x.png in Resources */ = {isa = PBXBuildFile; fileRef = DC30C31015E0864F00DAF41E /* Button@2x.png */; };
		DC30C31A15E0946200DAF41E /* GameViewController.m in Sources */ = {isa = PBXBuildFile; fileRef = DC30C31915E0946200DAF41E /* GameViewController.m */; };
		DC30C32115E0972800DAF41E /* LearningViewController.m in Sources */ = {isa = PBXBuildFile; fileRef = DC30C32015E0972800DAF41E /* LearningViewController.m */; };
		DC30C32B15E0B09D00DAF41E /* ButtonCorrect.png in Resources */ = {isa = PBXBuildFile; fileRef = DC30C32715E0B09D00DAF41E /* ButtonCorrect.png */; };
		DC30C32C15E0B09D00DAF41E /* ButtonCorrect@2x.png in Resources */ = {isa = PBXBuildFile; fileRef = DC30C32815E0B09D00DAF41E /* ButtonCorrect@2x.png */; };
		DC30C32D15E0B09D00DAF41E /* ButtonIncorrect.png in Resources */ = {isa = PBXBuildFile; fileRef = DC30C32915E0B09D00DAF41E /* ButtonIncorrect.png */; };
		DC30C32E15E0B09D00DAF41E /* ButtonIncorrect@2x.png in Resources */ = {isa = PBXBuildFile; fileRef = DC30C32A15E0B09D00DAF41E /* ButtonIncorrect@2x.png */; };
		DC30C33915E0C9F100DAF41E /* ResultsViewController.m in Sources */ = {isa = PBXBuildFile; fileRef = DC30C33815E0C9F100DAF41E /* ResultsViewController.m */; };
		DC4BD27615E5B79F00EC67A8 /* CoreData.framework in Frameworks */ = {isa = PBXBuildFile; fileRef = DC4BD27315E5B73000EC67A8 /* CoreData.framework */; };
		DC5CD25215EC5A7200D6FFF5 /* CFNetwork.framework in Frameworks */ = {isa = PBXBuildFile; fileRef = DC5CD25015EC5A6900D6FFF5 /* CFNetwork.framework */; };
		DC5CD25615EC600D00D6FFF5 /* Appirater.m in Sources */ = {isa = PBXBuildFile; fileRef = DC5CD25515EC600D00D6FFF5 /* Appirater.m */; };
		DC5CD25C15EC6AA700D6FFF5 /* SystemConfiguration.framework in Frameworks */ = {isa = PBXBuildFile; fileRef = DC5CD25B15EC6AA700D6FFF5 /* SystemConfiguration.framework */; };
		DC690E9317048FA600A03D8A /* LetterComposerViewController.m in Sources */ = {isa = PBXBuildFile; fileRef = DC690E9217048FA600A03D8A /* LetterComposerViewController.m */; };
		DCB637D5163C6B25008755BC /* Default-568h@2x.png in Resources */ = {isa = PBXBuildFile; fileRef = DCB637D4163C6B25008755BC /* Default-568h@2x.png */; };
		DCE9B05D15DEC5DF00BD92A7 /* UIKit.framework in Frameworks */ = {isa = PBXBuildFile; fileRef = DCE9B05C15DEC5DF00BD92A7 /* UIKit.framework */; };
		DCE9B05F15DEC5DF00BD92A7 /* Foundation.framework in Frameworks */ = {isa = PBXBuildFile; fileRef = DCE9B05E15DEC5DF00BD92A7 /* Foundation.framework */; };
		DCE9B06115DEC5DF00BD92A7 /* CoreGraphics.framework in Frameworks */ = {isa = PBXBuildFile; fileRef = DCE9B06015DEC5DF00BD92A7 /* CoreGraphics.framework */; };
		DCE9B06715DEC5DF00BD92A7 /* InfoPlist.strings in Resources */ = {isa = PBXBuildFile; fileRef = DCE9B06515DEC5DF00BD92A7 /* InfoPlist.strings */; };
		DCE9B06915DEC5DF00BD92A7 /* main.m in Sources */ = {isa = PBXBuildFile; fileRef = DCE9B06815DEC5DF00BD92A7 /* main.m */; };
		DCE9B06D15DEC5DF00BD92A7 /* AppDelegate.m in Sources */ = {isa = PBXBuildFile; fileRef = DCE9B06C15DEC5DF00BD92A7 /* AppDelegate.m */; };
		DCE9B08515DEC62600BD92A7 /* CustomUIButton.m in Sources */ = {isa = PBXBuildFile; fileRef = DCE9B07415DEC62600BD92A7 /* CustomUIButton.m */; };
		DCE9B08615DEC62600BD92A7 /* Background.png in Resources */ = {isa = PBXBuildFile; fileRef = DCE9B07615DEC62600BD92A7 /* Background.png */; };
		DCE9B08715DEC62600BD92A7 /* Background@2x.png in Resources */ = {isa = PBXBuildFile; fileRef = DCE9B07715DEC62600BD92A7 /* Background@2x.png */; };
		DCE9B08815DEC62600BD92A7 /* Button.png in Resources */ = {isa = PBXBuildFile; fileRef = DCE9B07815DEC62600BD92A7 /* Button.png */; };
		DCE9B08A15DEC62600BD92A7 /* ButtonSide.png in Resources */ = {isa = PBXBuildFile; fileRef = DCE9B07A15DEC62600BD92A7 /* ButtonSide.png */; };
		DCE9B08B15DEC62600BD92A7 /* ButtonSide@2x.png in Resources */ = {isa = PBXBuildFile; fileRef = DCE9B07B15DEC62600BD92A7 /* ButtonSide@2x.png */; };
		DCE9B08C15DEC62600BD92A7 /* ElianLogo1.png in Resources */ = {isa = PBXBuildFile; fileRef = DCE9B07C15DEC62600BD92A7 /* ElianLogo1.png */; };
		DCE9B08D15DEC62600BD92A7 /* ElianLogo1@2x.png in Resources */ = {isa = PBXBuildFile; fileRef = DCE9B07D15DEC62600BD92A7 /* ElianLogo1@2x.png */; };
		DCE9B08E15DEC62600BD92A7 /* ElianLogo2.png in Resources */ = {isa = PBXBuildFile; fileRef = DCE9B07E15DEC62600BD92A7 /* ElianLogo2.png */; };
		DCE9B08F15DEC62600BD92A7 /* ElianLogo2@2x.png in Resources */ = {isa = PBXBuildFile; fileRef = DCE9B07F15DEC62600BD92A7 /* ElianLogo2@2x.png */; };
		DCE9B09215DEC62600BD92A7 /* UIButtonWithToggle.m in Sources */ = {isa = PBXBuildFile; fileRef = DCE9B08415DEC62600BD92A7 /* UIButtonWithToggle.m */; };
		DCE9B09515DEC65F00BD92A7 /* Elian.ttf in Resources */ = {isa = PBXBuildFile; fileRef = DCE9B09315DEC65F00BD92A7 /* Elian.ttf */; };
/* End PBXBuildFile section */

/* Begin PBXFileReference section */
		C9DDF316185FA82800DB6BBA /* ElianLetters.plist */ = {isa = PBXFileReference; fileEncoding = 4; lastKnownFileType = text.plist.xml; path = ElianLetters.plist; sourceTree = "<group>"; };
		C9DDF318185FA8BD00DB6BBA /* UIView+Positioning.h */ = {isa = PBXFileReference; fileEncoding = 4; lastKnownFileType = sourcecode.c.h; path = "UIView+Positioning.h"; sourceTree = "<group>"; };
		C9DDF319185FA8C400DB6BBA /* UIView+Positioning.m */ = {isa = PBXFileReference; fileEncoding = 4; lastKnownFileType = sourcecode.c.objc; path = "UIView+Positioning.m"; sourceTree = "<group>"; };
		C9DDF31B185FC5D200DB6BBA /* Game.h */ = {isa = PBXFileReference; fileEncoding = 4; lastKnownFileType = sourcecode.c.h; path = Game.h; sourceTree = "<group>"; };
		C9DDF31C185FC5D200DB6BBA /* Game.m */ = {isa = PBXFileReference; fileEncoding = 4; lastKnownFileType = sourcecode.c.objc; path = Game.m; sourceTree = "<group>"; };
		DC30C2F515E034FE00DAF41E /* IconNonRetina.png */ = {isa = PBXFileReference; lastKnownFileType = image.png; path = IconNonRetina.png; sourceTree = "<group>"; };
		DC30C2F815E0350000DAF41E /* Iconretina.png */ = {isa = PBXFileReference; lastKnownFileType = image.png; path = Iconretina.png; sourceTree = "<group>"; };
		DC30C31015E0864F00DAF41E /* Button@2x.png */ = {isa = PBXFileReference; lastKnownFileType = image.png; path = "Button@2x.png"; sourceTree = "<group>"; };
		DC30C31815E0946200DAF41E /* GameViewController.h */ = {isa = PBXFileReference; fileEncoding = 4; lastKnownFileType = sourcecode.c.h; path = GameViewController.h; sourceTree = "<group>"; };
		DC30C31915E0946200DAF41E /* GameViewController.m */ = {isa = PBXFileReference; fileEncoding = 4; lastKnownFileType = sourcecode.c.objc; path = GameViewController.m; sourceTree = "<group>"; };
		DC30C31F15E0972800DAF41E /* LearningViewController.h */ = {isa = PBXFileReference; fileEncoding = 4; lastKnownFileType = sourcecode.c.h; path = LearningViewController.h; sourceTree = "<group>"; };
		DC30C32015E0972800DAF41E /* LearningViewController.m */ = {isa = PBXFileReference; fileEncoding = 4; lastKnownFileType = sourcecode.c.objc; path = LearningViewController.m; sourceTree = "<group>"; };
		DC30C32715E0B09D00DAF41E /* ButtonCorrect.png */ = {isa = PBXFileReference; lastKnownFileType = image.png; path = ButtonCorrect.png; sourceTree = "<group>"; };
		DC30C32815E0B09D00DAF41E /* ButtonCorrect@2x.png */ = {isa = PBXFileReference; lastKnownFileType = image.png; path = "ButtonCorrect@2x.png"; sourceTree = "<group>"; };
		DC30C32915E0B09D00DAF41E /* ButtonIncorrect.png */ = {isa = PBXFileReference; lastKnownFileType = image.png; path = ButtonIncorrect.png; sourceTree = "<group>"; };
		DC30C32A15E0B09D00DAF41E /* ButtonIncorrect@2x.png */ = {isa = PBXFileReference; lastKnownFileType = image.png; path = "ButtonIncorrect@2x.png"; sourceTree = "<group>"; };
		DC30C33715E0C9F000DAF41E /* ResultsViewController.h */ = {isa = PBXFileReference; fileEncoding = 4; lastKnownFileType = sourcecode.c.h; path = ResultsViewController.h; sourceTree = "<group>"; };
		DC30C33815E0C9F100DAF41E /* ResultsViewController.m */ = {isa = PBXFileReference; fileEncoding = 4; lastKnownFileType = sourcecode.c.objc; path = ResultsViewController.m; sourceTree = "<group>"; };
		DC4BD27315E5B73000EC67A8 /* CoreData.framework */ = {isa = PBXFileReference; lastKnownFileType = wrapper.framework; name = CoreData.framework; path = System/Library/Frameworks/CoreData.framework; sourceTree = SDKROOT; };
		DC5CD25015EC5A6900D6FFF5 /* CFNetwork.framework */ = {isa = PBXFileReference; lastKnownFileType = wrapper.framework; name = CFNetwork.framework; path = System/Library/Frameworks/CFNetwork.framework; sourceTree = SDKROOT; };
		DC5CD25415EC600D00D6FFF5 /* Appirater.h */ = {isa = PBXFileReference; fileEncoding = 4; lastKnownFileType = sourcecode.c.h; path = Appirater.h; sourceTree = "<group>"; };
		DC5CD25515EC600D00D6FFF5 /* Appirater.m */ = {isa = PBXFileReference; fileEncoding = 4; lastKnownFileType = sourcecode.c.objc; path = Appirater.m; sourceTree = "<group>"; };
		DC5CD25B15EC6AA700D6FFF5 /* SystemConfiguration.framework */ = {isa = PBXFileReference; lastKnownFileType = wrapper.framework; name = SystemConfiguration.framework; path = System/Library/Frameworks/SystemConfiguration.framework; sourceTree = SDKROOT; };
		DC690E9217048FA600A03D8A /* LetterComposerViewController.m */ = {isa = PBXFileReference; fileEncoding = 4; lastKnownFileType = sourcecode.c.objc; path = LetterComposerViewController.m; sourceTree = "<group>"; };
		DCB637D4163C6B25008755BC /* Default-568h@2x.png */ = {isa = PBXFileReference; lastKnownFileType = image.png; path = "Default-568h@2x.png"; sourceTree = "<group>"; };
		DCE9B05815DEC5DF00BD92A7 /* Elian.app */ = {isa = PBXFileReference; explicitFileType = wrapper.application; includeInIndex = 0; path = Elian.app; sourceTree = BUILT_PRODUCTS_DIR; };
		DCE9B05C15DEC5DF00BD92A7 /* UIKit.framework */ = {isa = PBXFileReference; lastKnownFileType = wrapper.framework; name = UIKit.framework; path = System/Library/Frameworks/UIKit.framework; sourceTree = SDKROOT; };
		DCE9B05E15DEC5DF00BD92A7 /* Foundation.framework */ = {isa = PBXFileReference; lastKnownFileType = wrapper.framework; name = Foundation.framework; path = System/Library/Frameworks/Foundation.framework; sourceTree = SDKROOT; };
		DCE9B06015DEC5DF00BD92A7 /* CoreGraphics.framework */ = {isa = PBXFileReference; lastKnownFileType = wrapper.framework; name = CoreGraphics.framework; path = System/Library/Frameworks/CoreGraphics.framework; sourceTree = SDKROOT; };
		DCE9B06415DEC5DF00BD92A7 /* Elian-Info.plist */ = {isa = PBXFileReference; lastKnownFileType = text.plist.xml; path = "Elian-Info.plist"; sourceTree = "<group>"; };
		DCE9B06615DEC5DF00BD92A7 /* en */ = {isa = PBXFileReference; lastKnownFileType = text.plist.strings; name = en; path = en.lproj/InfoPlist.strings; sourceTree = "<group>"; };
		DCE9B06815DEC5DF00BD92A7 /* main.m */ = {isa = PBXFileReference; lastKnownFileType = sourcecode.c.objc; path = main.m; sourceTree = "<group>"; };
		DCE9B06A15DEC5DF00BD92A7 /* Elian-Prefix.pch */ = {isa = PBXFileReference; lastKnownFileType = sourcecode.c.h; path = "Elian-Prefix.pch"; sourceTree = "<group>"; };
		DCE9B06B15DEC5DF00BD92A7 /* AppDelegate.h */ = {isa = PBXFileReference; lastKnownFileType = sourcecode.c.h; path = AppDelegate.h; sourceTree = "<group>"; };
		DCE9B06C15DEC5DF00BD92A7 /* AppDelegate.m */ = {isa = PBXFileReference; lastKnownFileType = sourcecode.c.objc; path = AppDelegate.m; sourceTree = "<group>"; };
		DCE9B07315DEC62600BD92A7 /* CustomUIButton.h */ = {isa = PBXFileReference; fileEncoding = 4; lastKnownFileType = sourcecode.c.h; path = CustomUIButton.h; sourceTree = "<group>"; };
		DCE9B07415DEC62600BD92A7 /* CustomUIButton.m */ = {isa = PBXFileReference; fileEncoding = 4; lastKnownFileType = sourcecode.c.objc; path = CustomUIButton.m; sourceTree = "<group>"; };
		DCE9B07615DEC62600BD92A7 /* Background.png */ = {isa = PBXFileReference; lastKnownFileType = image.png; path = Background.png; sourceTree = "<group>"; };
		DCE9B07715DEC62600BD92A7 /* Background@2x.png */ = {isa = PBXFileReference; lastKnownFileType = image.png; path = "Background@2x.png"; sourceTree = "<group>"; };
		DCE9B07815DEC62600BD92A7 /* Button.png */ = {isa = PBXFileReference; lastKnownFileType = image.png; path = Button.png; sourceTree = "<group>"; };
		DCE9B07A15DEC62600BD92A7 /* ButtonSide.png */ = {isa = PBXFileReference; lastKnownFileType = image.png; path = ButtonSide.png; sourceTree = "<group>"; };
		DCE9B07B15DEC62600BD92A7 /* ButtonSide@2x.png */ = {isa = PBXFileReference; lastKnownFileType = image.png; path = "ButtonSide@2x.png"; sourceTree = "<group>"; };
		DCE9B07C15DEC62600BD92A7 /* ElianLogo1.png */ = {isa = PBXFileReference; lastKnownFileType = image.png; path = ElianLogo1.png; sourceTree = "<group>"; };
		DCE9B07D15DEC62600BD92A7 /* ElianLogo1@2x.png */ = {isa = PBXFileReference; lastKnownFileType = image.png; path = "ElianLogo1@2x.png"; sourceTree = "<group>"; };
		DCE9B07E15DEC62600BD92A7 /* ElianLogo2.png */ = {isa = PBXFileReference; lastKnownFileType = image.png; path = ElianLogo2.png; sourceTree = "<group>"; };
		DCE9B07F15DEC62600BD92A7 /* ElianLogo2@2x.png */ = {isa = PBXFileReference; lastKnownFileType = image.png; path = "ElianLogo2@2x.png"; sourceTree = "<group>"; };
		DCE9B08015DEC62600BD92A7 /* LetterComposerViewController.h */ = {isa = PBXFileReference; fileEncoding = 4; lastKnownFileType = sourcecode.c.h; path = LetterComposerViewController.h; sourceTree = "<group>"; };
		DCE9B08315DEC62600BD92A7 /* UIButtonWithToggle.h */ = {isa = PBXFileReference; fileEncoding = 4; lastKnownFileType = sourcecode.c.h; path = UIButtonWithToggle.h; sourceTree = "<group>"; };
		DCE9B08415DEC62600BD92A7 /* UIButtonWithToggle.m */ = {isa = PBXFileReference; fileEncoding = 4; lastKnownFileType = sourcecode.c.objc; path = UIButtonWithToggle.m; sourceTree = "<group>"; };
		DCE9B09315DEC65F00BD92A7 /* Elian.ttf */ = {isa = PBXFileReference; lastKnownFileType = file; path = Elian.ttf; sourceTree = "<group>"; };
/* End PBXFileReference section */

/* Begin PBXFrameworksBuildPhase section */
		DCE9B05515DEC5DF00BD92A7 /* Frameworks */ = {
			isa = PBXFrameworksBuildPhase;
			buildActionMask = 2147483647;
			files = (
				DC5CD25C15EC6AA700D6FFF5 /* SystemConfiguration.framework in Frameworks */,
				DC4BD27615E5B79F00EC67A8 /* CoreData.framework in Frameworks */,
				DCE9B05D15DEC5DF00BD92A7 /* UIKit.framework in Frameworks */,
				DCE9B05F15DEC5DF00BD92A7 /* Foundation.framework in Frameworks */,
				DC5CD25215EC5A7200D6FFF5 /* CFNetwork.framework in Frameworks */,
				DCE9B06115DEC5DF00BD92A7 /* CoreGraphics.framework in Frameworks */,
			);
			runOnlyForDeploymentPostprocessing = 0;
		};
/* End PBXFrameworksBuildPhase section */

/* Begin PBXGroup section */
		DCE9B04D15DEC5DF00BD92A7 = {
			isa = PBXGroup;
			children = (
				DCB637D4163C6B25008755BC /* Default-568h@2x.png */,
				DC30C2F815E0350000DAF41E /* Iconretina.png */,
				DC30C2F515E034FE00DAF41E /* IconNonRetina.png */,
				DCE9B06215DEC5DF00BD92A7 /* Elian */,
				DCE9B05B15DEC5DF00BD92A7 /* Frameworks */,
				DCE9B05915DEC5DF00BD92A7 /* Products */,
			);
			sourceTree = "<group>";
		};
		DCE9B05915DEC5DF00BD92A7 /* Products */ = {
			isa = PBXGroup;
			children = (
				DCE9B05815DEC5DF00BD92A7 /* Elian.app */,
			);
			name = Products;
			sourceTree = "<group>";
		};
		DCE9B05B15DEC5DF00BD92A7 /* Frameworks */ = {
			isa = PBXGroup;
			children = (
				DC5CD25B15EC6AA700D6FFF5 /* SystemConfiguration.framework */,
				DC5CD25015EC5A6900D6FFF5 /* CFNetwork.framework */,
				DC4BD27315E5B73000EC67A8 /* CoreData.framework */,
				DCE9B05C15DEC5DF00BD92A7 /* UIKit.framework */,
				DCE9B05E15DEC5DF00BD92A7 /* Foundation.framework */,
				DCE9B06015DEC5DF00BD92A7 /* CoreGraphics.framework */,
			);
			name = Frameworks;
			sourceTree = "<group>";
		};
		DCE9B06215DEC5DF00BD92A7 /* Elian */ = {
			isa = PBXGroup;
			children = (
				DCE9B07515DEC62600BD92A7 /* Images */,
				DCE9B06B15DEC5DF00BD92A7 /* AppDelegate.h */,
				DCE9B06C15DEC5DF00BD92A7 /* AppDelegate.m */,
				DC5CD25415EC600D00D6FFF5 /* Appirater.h */,
				DC5CD25515EC600D00D6FFF5 /* Appirater.m */,
				DCE9B07315DEC62600BD92A7 /* CustomUIButton.h */,
				DCE9B07415DEC62600BD92A7 /* CustomUIButton.m */,
				C9DDF31B185FC5D200DB6BBA /* Game.h */,
				C9DDF31C185FC5D200DB6BBA /* Game.m */,
				DC30C33715E0C9F000DAF41E /* ResultsViewController.h */,
				DC30C33815E0C9F100DAF41E /* ResultsViewController.m */,
				DCE9B08015DEC62600BD92A7 /* LetterComposerViewController.h */,
				DC690E9217048FA600A03D8A /* LetterComposerViewController.m */,
				DC30C31F15E0972800DAF41E /* LearningViewController.h */,
				DC30C32015E0972800DAF41E /* LearningViewController.m */,
				DC30C31815E0946200DAF41E /* GameViewController.h */,
				DC30C31915E0946200DAF41E /* GameViewController.m */,
				DCE9B08315DEC62600BD92A7 /* UIButtonWithToggle.h */,
				DCE9B08415DEC62600BD92A7 /* UIButtonWithToggle.m */,
				DCE9B06315DEC5DF00BD92A7 /* Supporting Files */,
			);
			path = Elian;
			sourceTree = "<group>";
		};
		DCE9B06315DEC5DF00BD92A7 /* Supporting Files */ = {
			isa = PBXGroup;
			children = (
				C9DDF318185FA8BD00DB6BBA /* UIView+Positioning.h */,
				C9DDF319185FA8C400DB6BBA /* UIView+Positioning.m */,
				C9DDF316185FA82800DB6BBA /* ElianLetters.plist */,
				DCE9B09315DEC65F00BD92A7 /* Elian.ttf */,
				DCE9B06415DEC5DF00BD92A7 /* Elian-Info.plist */,
				DCE9B06515DEC5DF00BD92A7 /* InfoPlist.strings */,
				DCE9B06815DEC5DF00BD92A7 /* main.m */,
				DCE9B06A15DEC5DF00BD92A7 /* Elian-Prefix.pch */,
			);
			name = "Supporting Files";
			sourceTree = "<group>";
		};
		DCE9B07515DEC62600BD92A7 /* Images */ = {
			isa = PBXGroup;
			children = (
				DC30C32715E0B09D00DAF41E /* ButtonCorrect.png */,
				DC30C32815E0B09D00DAF41E /* ButtonCorrect@2x.png */,
				DC30C32915E0B09D00DAF41E /* ButtonIncorrect.png */,
				DC30C32A15E0B09D00DAF41E /* ButtonIncorrect@2x.png */,
				DCE9B07615DEC62600BD92A7 /* Background.png */,
				DCE9B07715DEC62600BD92A7 /* Background@2x.png */,
				DCE9B07815DEC62600BD92A7 /* Button.png */,
				DC30C31015E0864F00DAF41E /* Button@2x.png */,
				DCE9B07A15DEC62600BD92A7 /* ButtonSide.png */,
				DCE9B07B15DEC62600BD92A7 /* ButtonSide@2x.png */,
				DCE9B07C15DEC62600BD92A7 /* ElianLogo1.png */,
				DCE9B07D15DEC62600BD92A7 /* ElianLogo1@2x.png */,
				DCE9B07E15DEC62600BD92A7 /* ElianLogo2.png */,
				DCE9B07F15DEC62600BD92A7 /* ElianLogo2@2x.png */,
			);
			path = Images;
			sourceTree = "<group>";
		};
/* End PBXGroup section */

/* Begin PBXNativeTarget section */
		DCE9B05715DEC5DF00BD92A7 /* Elian */ = {
			isa = PBXNativeTarget;
			buildConfigurationList = DCE9B07015DEC5DF00BD92A7 /* Build configuration list for PBXNativeTarget "Elian" */;
			buildPhases = (
				DCE9B05415DEC5DF00BD92A7 /* Sources */,
				DCE9B05515DEC5DF00BD92A7 /* Frameworks */,
				DCE9B05615DEC5DF00BD92A7 /* Resources */,
			);
			buildRules = (
			);
			dependencies = (
			);
			name = Elian;
			productName = Elian;
			productReference = DCE9B05815DEC5DF00BD92A7 /* Elian.app */;
			productType = "com.apple.product-type.application";
		};
/* End PBXNativeTarget section */

/* Begin PBXProject section */
		DCE9B04F15DEC5DF00BD92A7 /* Project object */ = {
			isa = PBXProject;
			attributes = {
				LastUpgradeCheck = 0450;
				ORGANIZATIONNAME = "Valley Rocket";
			};
			buildConfigurationList = DCE9B05215DEC5DF00BD92A7 /* Build configuration list for PBXProject "Elian" */;
			compatibilityVersion = "Xcode 3.2";
			developmentRegion = English;
			hasScannedForEncodings = 0;
			knownRegions = (
				en,
			);
			mainGroup = DCE9B04D15DEC5DF00BD92A7;
			productRefGroup = DCE9B05915DEC5DF00BD92A7 /* Products */;
			projectDirPath = "";
			projectRoot = "";
			targets = (
				DCE9B05715DEC5DF00BD92A7 /* Elian */,
			);
		};
/* End PBXProject section */

/* Begin PBXResourcesBuildPhase section */
		DCE9B05615DEC5DF00BD92A7 /* Resources */ = {
			isa = PBXResourcesBuildPhase;
			buildActionMask = 2147483647;
			files = (
				DCE9B06715DEC5DF00BD92A7 /* InfoPlist.strings in Resources */,
				DCE9B08615DEC62600BD92A7 /* Background.png in Resources */,
				DCE9B08715DEC62600BD92A7 /* Background@2x.png in Resources */,
				DCE9B08815DEC62600BD92A7 /* Button.png in Resources */,
				DCE9B08A15DEC62600BD92A7 /* ButtonSide.png in Resources */,
				DCE9B08B15DEC62600BD92A7 /* ButtonSide@2x.png in Resources */,
				DCE9B08C15DEC62600BD92A7 /* ElianLogo1.png in Resources */,
				DCE9B08D15DEC62600BD92A7 /* ElianLogo1@2x.png in Resources */,
				C9DDF317185FA82800DB6BBA /* ElianLetters.plist in Resources */,
				DCE9B08E15DEC62600BD92A7 /* ElianLogo2.png in Resources */,
				DCE9B08F15DEC62600BD92A7 /* ElianLogo2@2x.png in Resources */,
				DCE9B09515DEC65F00BD92A7 /* Elian.ttf in Resources */,
				DC30C2F615E034FE00DAF41E /* IconNonRetina.png in Resources */,
				DC30C2F915E0350000DAF41E /* Iconretina.png in Resources */,
				DC30C31115E0864F00DAF41E /* Button@2x.png in Resources */,
				DC30C32B15E0B09D00DAF41E /* ButtonCorrect.png in Resources */,
				DC30C32C15E0B09D00DAF41E /* ButtonCorrect@2x.png in Resources */,
				DC30C32D15E0B09D00DAF41E /* ButtonIncorrect.png in Resources */,
				DC30C32E15E0B09D00DAF41E /* ButtonIncorrect@2x.png in Resources */,
				DCB637D5163C6B25008755BC /* Default-568h@2x.png in Resources */,
			);
			runOnlyForDeploymentPostprocessing = 0;
		};
/* End PBXResourcesBuildPhase section */

/* Begin PBXSourcesBuildPhase section */
		DCE9B05415DEC5DF00BD92A7 /* Sources */ = {
			isa = PBXSourcesBuildPhase;
			buildActionMask = 2147483647;
			files = (
				DCE9B06915DEC5DF00BD92A7 /* main.m in Sources */,
				C9DDF31D185FC5D200DB6BBA /* Game.m in Sources */,
				DCE9B06D15DEC5DF00BD92A7 /* AppDelegate.m in Sources */,
				DCE9B08515DEC62600BD92A7 /* CustomUIButton.m in Sources */,
				DCE9B09215DEC62600BD92A7 /* UIButtonWithToggle.m in Sources */,
				C9DDF31A185FA8C400DB6BBA /* UIView+Positioning.m in Sources */,
				DC30C31A15E0946200DAF41E /* GameViewController.m in Sources */,
				DC30C32115E0972800DAF41E /* LearningViewController.m in Sources */,
				DC30C33915E0C9F100DAF41E /* ResultsViewController.m in Sources */,
				DC5CD25615EC600D00D6FFF5 /* Appirater.m in Sources */,
				DC690E9317048FA600A03D8A /* LetterComposerViewController.m in Sources */,
			);
			runOnlyForDeploymentPostprocessing = 0;
		};
/* End PBXSourcesBuildPhase section */

/* Begin PBXVariantGroup section */
		DCE9B06515DEC5DF00BD92A7 /* InfoPlist.strings */ = {
			isa = PBXVariantGroup;
			children = (
				DCE9B06615DEC5DF00BD92A7 /* en */,
			);
			name = InfoPlist.strings;
			sourceTree = "<group>";
		};
/* End PBXVariantGroup section */

/* Begin XCBuildConfiguration section */
		DCE9B06E15DEC5DF00BD92A7 /* Debug */ = {
			isa = XCBuildConfiguration;
			buildSettings = {
				ALWAYS_SEARCH_USER_PATHS = NO;
				CLANG_CXX_LANGUAGE_STANDARD = "gnu++0x";
				CLANG_CXX_LIBRARY = "libc++";
				CLANG_ENABLE_OBJC_ARC = YES;
				CLANG_WARN__DUPLICATE_METHOD_MATCH = YES;
				CODE_SIGN_IDENTITY = "iPhone Developer: Bobby Wilson (EPDYS8T364)";
				"CODE_SIGN_IDENTITY[sdk=iphoneos*]" = "iPhone Developer: Bobby Wilson (EPDYS8T364)";
				COPY_PHASE_STRIP = NO;
				GCC_C_LANGUAGE_STANDARD = gnu99;
				GCC_DYNAMIC_NO_PIC = NO;
				GCC_OPTIMIZATION_LEVEL = 0;
				GCC_PREPROCESSOR_DEFINITIONS = (
					"DEBUG=1",
					"$(inherited)",
				);
				GCC_SYMBOLS_PRIVATE_EXTERN = NO;
				GCC_WARN_ABOUT_RETURN_TYPE = YES;
				GCC_WARN_UNINITIALIZED_AUTOS = YES;
				GCC_WARN_UNUSED_VARIABLE = YES;
				IPHONEOS_DEPLOYMENT_TARGET = 6.0;
				PROVISIONING_PROFILE = "C4EAB8F0-815A-4A2E-A45D-23C4713C9311";
				"PROVISIONING_PROFILE[sdk=iphoneos*]" = "C4EAB8F0-815A-4A2E-A45D-23C4713C9311";
				SDKROOT = iphoneos;
			};
			name = Debug;
		};
		DCE9B06F15DEC5DF00BD92A7 /* Release */ = {
			isa = XCBuildConfiguration;
			buildSettings = {
				ALWAYS_SEARCH_USER_PATHS = NO;
				CLANG_CXX_LANGUAGE_STANDARD = "gnu++0x";
				CLANG_CXX_LIBRARY = "libc++";
				CLANG_ENABLE_OBJC_ARC = YES;
				CLANG_WARN__DUPLICATE_METHOD_MATCH = YES;
				CODE_SIGN_IDENTITY = "iPhone Developer: Bobby Wilson (EPDYS8T364)";
				"CODE_SIGN_IDENTITY[sdk=iphoneos*]" = "iPhone Developer: Bobby Wilson (EPDYS8T364)";
				COPY_PHASE_STRIP = YES;
				GCC_C_LANGUAGE_STANDARD = gnu99;
				GCC_WARN_ABOUT_RETURN_TYPE = YES;
				GCC_WARN_UNINITIALIZED_AUTOS = YES;
				GCC_WARN_UNUSED_VARIABLE = YES;
				IPHONEOS_DEPLOYMENT_TARGET = 6.0;
				OTHER_CFLAGS = "-DNS_BLOCK_ASSERTIONS=1";
				PROVISIONING_PROFILE = "C4EAB8F0-815A-4A2E-A45D-23C4713C9311";
				"PROVISIONING_PROFILE[sdk=iphoneos*]" = "C4EAB8F0-815A-4A2E-A45D-23C4713C9311";
				SDKROOT = iphoneos;
				VALIDATE_PRODUCT = YES;
			};
			name = Release;
		};
		DCE9B07115DEC5DF00BD92A7 /* Debug */ = {
			isa = XCBuildConfiguration;
			buildSettings = {
				CODE_SIGN_IDENTITY = "iPhone Developer";
				"CODE_SIGN_IDENTITY[sdk=iphoneos*]" = "iPhone Developer";
				GCC_PRECOMPILE_PREFIX_HEADER = YES;
				GCC_PREFIX_HEADER = "Elian/Elian-Prefix.pch";
				INFOPLIST_FILE = "Elian/Elian-Info.plist";
				IPHONEOS_DEPLOYMENT_TARGET = 7.0;
				PRODUCT_NAME = "$(TARGET_NAME)";
				PROVISIONING_PROFILE = "F63E7AAF-289D-4931-AD13-CFCB29463A1A";
				"PROVISIONING_PROFILE[sdk=iphoneos*]" = "F63E7AAF-289D-4931-AD13-CFCB29463A1A";
				TARGETED_DEVICE_FAMILY = 1;
				WRAPPER_EXTENSION = app;
			};
			name = Debug;
		};
		DCE9B07215DEC5DF00BD92A7 /* Release */ = {
			isa = XCBuildConfiguration;
			buildSettings = {
				CODE_SIGN_IDENTITY = "iPhone Developer";
				"CODE_SIGN_IDENTITY[sdk=iphoneos*]" = "iPhone Developer";
				GCC_PRECOMPILE_PREFIX_HEADER = YES;
				GCC_PREFIX_HEADER = "Elian/Elian-Prefix.pch";
				INFOPLIST_FILE = "Elian/Elian-Info.plist";
				IPHONEOS_DEPLOYMENT_TARGET = 7.0;
				PRODUCT_NAME = "$(TARGET_NAME)";
				PROVISIONING_PROFILE = "F63E7AAF-289D-4931-AD13-CFCB29463A1A";
				"PROVISIONING_PROFILE[sdk=iphoneos*]" = "F63E7AAF-289D-4931-AD13-CFCB29463A1A";
				TARGETED_DEVICE_FAMILY = 1;
				WRAPPER_EXTENSION = app;
			};
			name = Release;
		};
/* End XCBuildConfiguration section */

/* Begin XCConfigurationList section */
		DCE9B05215DEC5DF00BD92A7 /* Build configuration list for PBXProject "Elian" */ = {
			isa = XCConfigurationList;
			buildConfigurations = (
				DCE9B06E15DEC5DF00BD92A7 /* Debug */,
				DCE9B06F15DEC5DF00BD92A7 /* Release */,
			);
			defaultConfigurationIsVisible = 0;
			defaultConfigurationName = Release;
		};
		DCE9B07015DEC5DF00BD92A7 /* Build configuration list for PBXNativeTarget "Elian" */ = {
			isa = XCConfigurationList;
			buildConfigurations = (
				DCE9B07115DEC5DF00BD92A7 /* Debug */,
				DCE9B07215DEC5DF00BD92A7 /* Release */,
			);
			defaultConfigurationIsVisible = 0;
			defaultConfigurationName = Release;
		};
/* End XCConfigurationList section */
	};
	rootObject = DCE9B04F15DEC5DF00BD92A7 /* Project object */;
}
